
Microsoft Visual Studio Solution File, Format Version 12.00
# Visual Studio Version 17
VisualStudioVersion = 17.5.2.0
MinimumVisualStudioVersion = 10.0.40219.1
Project("{2150E333-8FDC-42A3-9474-1A3956D46DE8}") = "apps", "apps", "{1787FE1D-075E-9E68-7218-25F1BD1BBEAB}"
EndProject
Project("{2150E333-8FDC-42A3-9474-1A3956D46DE8}") = "orchestrator", "orchestrator", "{78B648EB-3952-D352-49DA-80DA46544927}"
EndProject
Project("{2150E333-8FDC-42A3-9474-1A3956D46DE8}") = "backend", "backend", "{4C52392E-7F0B-0980-3B5A-CD97862F02D7}"
EndProject
Project("{FAE04EC0-301F-11D3-BF4B-00C04F79EFBC}") = "DeploymentPoC.Orchestrator", "apps\orchestrator\backend\DeploymentPoC.Orchestrator.csproj", "{9CE0C296-6F3D-49ED-ABB8-D17796275145}"
EndProject
Project("{2150E333-8FDC-42A3-9474-1A3956D46DE8}") = "agent", "agent", "{63F81D7F-3FBF-B746-3CCC-18C5EC63BE1D}"
EndProject
Project("{2150E333-8FDC-42A3-9474-1A3956D46DE8}") = "backend", "backend", "{E1E1646A-4A6F-38FD-BB7F-B39FB243F69F}"
EndProject
Project("{FAE04EC0-301F-11D3-BF4B-00C04F79EFBC}") = "DeploymentPoC.Agent", "apps\agent\backend\DeploymentPoC.Agent.csproj", "{58411A68-E59A-4720-A36D-8C158D74594B}"
EndProject
Project("{2150E333-8FDC-42A3-9474-1A3956D46DE8}") = "shared", "shared", "{4F52FD11-658E-A102-6CD3-7D7C16FFA15B}"
EndProject
Project("{2150E333-8FDC-42A3-9474-1A3956D46DE8}") = "contracts", "contracts", "{85E3A286-880E-ADB0-5CF2-3F1BDB3A4229}"
EndProject
Project("{FAE04EC0-301F-11D3-BF4B-00C04F79EFBC}") = "DeploymentPoC.Contracts", "shared\contracts\DeploymentPoC.Contracts.csproj", "{43486399-39B8-4589-892B-6C5760FEA485}"
EndProject
Project("{2150E333-8FDC-42A3-9474-1A3956D46DE8}") = "tests", "tests", "{0AB3BF05-4346-4AA6-1389-037BE0695223}"
EndProject
Project("{2150E333-8FDC-42A3-9474-1A3956D46DE8}") = "orchestrator", "orchestrator", "{EF83D0CA-9CE8-9DB1-81F6-1B4416D87263}"
EndProject
Project("{2150E333-8FDC-42A3-9474-1A3956D46DE8}") = "unit", "unit", "{9FFA4FDE-AFF6-3F9E-C5F4-571704D7151B}"
EndProject
Project("{FAE04EC0-301F-11D3-BF4B-00C04F79EFBC}") = "DeploymentPoC.Orchestrator.Tests", "tests\orchestrator\unit\DeploymentPoC.Orchestrator.Tests.csproj", "{A97A3158-37DB-4CF0-9F29-FF11085D4308}"
EndProject
Project("{2150E333-8FDC-42A3-9474-1A3956D46DE8}") = "integration", "integration", "{A30A00AB-DA97-EB30-4328-2BE79AC2F00D}"
EndProject
Project("{FAE04EC0-301F-11D3-BF4B-00C04F79EFBC}") = "DeploymentPoC.Orchestrator.IntegrationTests", "tests\orchestrator\integration\DeploymentPoC.Orchestrator.IntegrationTests.csproj", "{CD9EA4BB-3FBC-4020-AF16-1DD5D0D86412}"
EndProject
Project("{2150E333-8FDC-42A3-9474-1A3956D46DE8}") = "agent", "agent", "{3F5D9577-2D48-185C-8C74-19600C8AE53C}"
EndProject
Project("{2150E333-8FDC-42A3-9474-1A3956D46DE8}") = "integration", "integration", "{4BF0F2CF-2C52-4F07-3614-4EE810BF6787}"
EndProject
Project("{FAE04EC0-301F-11D3-BF4B-00C04F79EFBC}") = "DeploymentPoC.Agent.IntegrationTests", "tests\agent\integration\DeploymentPoC.Agent.IntegrationTests.csproj", "{213E2683-F9A1-44F0-A09E-80B674A11B35}"
EndProject
Project("{2150E333-8FDC-42A3-9474-1A3956D46DE8}") = "contracts", "contracts", "{EDF2BF46-81E2-A5E6-BE76-B883454BFB8E}"
EndProject
Project("{FAE04EC0-301F-11D3-BF4B-00C04F79EFBC}") = "DeploymentPoC.Contracts.Tests", "tests\contracts\DeploymentPoC.Contracts.Tests.csproj", "{CBD33F00-A100-46CD-8467-491EB27F8F54}"
EndProject
Global
	GlobalSection(SolutionConfigurationPlatforms) = preSolution
		Debug|Any CPU = Debug|Any CPU
		Debug|x64 = Debug|x64
		Debug|x86 = Debug|x86
		Release|Any CPU = Release|Any CPU
		Release|x64 = Release|x64
		Release|x86 = Release|x86
	EndGlobalSection
	GlobalSection(ProjectConfigurationPlatforms) = postSolution
		{9CE0C296-6F3D-49ED-ABB8-D17796275145}.Debug|Any CPU.ActiveCfg = Debug|Any CPU
		{9CE0C296-6F3D-49ED-ABB8-D17796275145}.Debug|Any CPU.Build.0 = Debug|Any CPU
		{9CE0C296-6F3D-49ED-ABB8-D17796275145}.Debug|x64.ActiveCfg = Debug|Any CPU
		{9CE0C296-6F3D-49ED-ABB8-D17796275145}.Debug|x64.Build.0 = Debug|Any CPU
		{9CE0C296-6F3D-49ED-ABB8-D17796275145}.Debug|x86.ActiveCfg = Debug|Any CPU
		{9CE0C296-6F3D-49ED-ABB8-D17796275145}.Debug|x86.Build.0 = Debug|Any CPU
		{9CE0C296-6F3D-49ED-ABB8-D17796275145}.Release|Any CPU.ActiveCfg = Release|Any CPU
		{9CE0C296-6F3D-49ED-ABB8-D17796275145}.Release|Any CPU.Build.0 = Release|Any CPU
		{9CE0C296-6F3D-49ED-ABB8-D17796275145}.Release|x64.ActiveCfg = Release|Any CPU
		{9CE0C296-6F3D-49ED-ABB8-D17796275145}.Release|x64.Build.0 = Release|Any CPU
		{9CE0C296-6F3D-49ED-ABB8-D17796275145}.Release|x86.ActiveCfg = Release|Any CPU
		{9CE0C296-6F3D-49ED-ABB8-D17796275145}.Release|x86.Build.0 = Release|Any CPU
		{58411A68-E59A-4720-A36D-8C158D74594B}.Debug|Any CPU.ActiveCfg = Debug|Any CPU
		{58411A68-E59A-4720-A36D-8C158D74594B}.Debug|Any CPU.Build.0 = Debug|Any CPU
		{58411A68-E59A-4720-A36D-8C158D74594B}.Debug|x64.ActiveCfg = Debug|Any CPU
		{58411A68-E59A-4720-A36D-8C158D74594B}.Debug|x64.Build.0 = Debug|Any CPU
		{58411A68-E59A-4720-A36D-8C158D74594B}.Debug|x86.ActiveCfg = Debug|Any CPU
		{58411A68-E59A-4720-A36D-8C158D74594B}.Debug|x86.Build.0 = Debug|Any CPU
		{58411A68-E59A-4720-A36D-8C158D74594B}.Release|Any CPU.ActiveCfg = Release|Any CPU
		{58411A68-E59A-4720-A36D-8C158D74594B}.Release|Any CPU.Build.0 = Release|Any CPU
		{58411A68-E59A-4720-A36D-8C158D74594B}.Release|x64.ActiveCfg = Release|Any CPU
		{58411A68-E59A-4720-A36D-8C158D74594B}.Release|x64.Build.0 = Release|Any CPU
		{58411A68-E59A-4720-A36D-8C158D74594B}.Release|x86.ActiveCfg = Release|Any CPU
		{58411A68-E59A-4720-A36D-8C158D74594B}.Release|x86.Build.0 = Release|Any CPU
		{43486399-39B8-4589-892B-6C5760FEA485}.Debug|Any CPU.ActiveCfg = Debug|Any CPU
		{43486399-39B8-4589-892B-6C5760FEA485}.Debug|Any CPU.Build.0 = Debug|Any CPU
		{43486399-39B8-4589-892B-6C5760FEA485}.Debug|x64.ActiveCfg = Debug|Any CPU
		{43486399-39B8-4589-892B-6C5760FEA485}.Debug|x64.Build.0 = Debug|Any CPU
		{43486399-39B8-4589-892B-6C5760FEA485}.Debug|x86.ActiveCfg = Debug|Any CPU
		{43486399-39B8-4589-892B-6C5760FEA485}.Debug|x86.Build.0 = Debug|Any CPU
		{43486399-39B8-4589-892B-6C5760FEA485}.Release|Any CPU.ActiveCfg = Release|Any CPU
		{43486399-39B8-4589-892B-6C5760FEA485}.Release|Any CPU.Build.0 = Release|Any CPU
		{43486399-39B8-4589-892B-6C5760FEA485}.Release|x64.ActiveCfg = Release|Any CPU
		{43486399-39B8-4589-892B-6C5760FEA485}.Release|x64.Build.0 = Release|Any CPU
		{43486399-39B8-4589-892B-6C5760FEA485}.Release|x86.ActiveCfg = Release|Any CPU
		{43486399-39B8-4589-892B-6C5760FEA485}.Release|x86.Build.0 = Release|Any CPU
		{A97A3158-37DB-4CF0-9F29-FF11085D4308}.Debug|Any CPU.ActiveCfg = Debug|Any CPU
		{A97A3158-37DB-4CF0-9F29-FF11085D4308}.Debug|Any CPU.Build.0 = Debug|Any CPU
		{A97A3158-37DB-4CF0-9F29-FF11085D4308}.Debug|x64.ActiveCfg = Debug|Any CPU
		{A97A3158-37DB-4CF0-9F29-FF11085D4308}.Debug|x64.Build.0 = Debug|Any CPU
		{A97A3158-37DB-4CF0-9F29-FF11085D4308}.Debug|x86.ActiveCfg = Debug|Any CPU
		{A97A3158-37DB-4CF0-9F29-FF11085D4308}.Debug|x86.Build.0 = Debug|Any CPU
		{A97A3158-37DB-4CF0-9F29-FF11085D4308}.Release|Any CPU.ActiveCfg = Release|Any CPU
		{A97A3158-37DB-4CF0-9F29-FF11085D4308}.Release|Any CPU.Build.0 = Release|Any CPU
		{A97A3158-37DB-4CF0-9F29-FF11085D4308}.Release|x64.ActiveCfg = Release|Any CPU
		{A97A3158-37DB-4CF0-9F29-FF11085D4308}.Release|x64.Build.0 = Release|Any CPU
		{A97A3158-37DB-4CF0-9F29-FF11085D4308}.Release|x86.ActiveCfg = Release|Any CPU
		{A97A3158-37DB-4CF0-9F29-FF11085D4308}.Release|x86.Build.0 = Release|Any CPU
		{CD9EA4BB-3FBC-4020-AF16-1DD5D0D86412}.Debug|Any CPU.ActiveCfg = Debug|Any CPU
		{CD9EA4BB-3FBC-4020-AF16-1DD5D0D86412}.Debug|Any CPU.Build.0 = Debug|Any CPU
		{CD9EA4BB-3FBC-4020-AF16-1DD5D0D86412}.Debug|x64.ActiveCfg = Debug|Any CPU
		{CD9EA4BB-3FBC-4020-AF16-1DD5D0D86412}.Debug|x64.Build.0 = Debug|Any CPU
		{CD9EA4BB-3FBC-4020-AF16-1DD5D0D86412}.Debug|x86.ActiveCfg = Debug|Any CPU
		{CD9EA4BB-3FBC-4020-AF16-1DD5D0D86412}.Debug|x86.Build.0 = Debug|Any CPU
		{CD9EA4BB-3FBC-4020-AF16-1DD5D0D86412}.Release|Any CPU.ActiveCfg = Release|Any CPU
		{CD9EA4BB-3FBC-4020-AF16-1DD5D0D86412}.Release|Any CPU.Build.0 = Release|Any CPU
		{CD9EA4BB-3FBC-4020-AF16-1DD5D0D86412}.Release|x64.ActiveCfg = Release|Any CPU
		{CD9EA4BB-3FBC-4020-AF16-1DD5D0D86412}.Release|x64.Build.0 = Release|Any CPU
		{CD9EA4BB-3FBC-4020-AF16-1DD5D0D86412}.Release|x86.ActiveCfg = Release|Any CPU
		{CD9EA4BB-3FBC-4020-AF16-1DD5D0D86412}.Release|x86.Build.0 = Release|Any CPU
		{213E2683-F9A1-44F0-A09E-80B674A11B35}.Debug|Any CPU.ActiveCfg = Debug|Any CPU
		{213E2683-F9A1-44F0-A09E-80B674A11B35}.Debug|Any CPU.Build.0 = Debug|Any CPU
		{213E2683-F9A1-44F0-A09E-80B674A11B35}.Debug|x64.ActiveCfg = Debug|Any CPU
		{213E2683-F9A1-44F0-A09E-80B674A11B35}.Debug|x64.Build.0 = Debug|Any CPU
		{213E2683-F9A1-44F0-A09E-80B674A11B35}.Debug|x86.ActiveCfg = Debug|Any CPU
		{213E2683-F9A1-44F0-A09E-80B674A11B35}.Debug|x86.Build.0 = Debug|Any CPU
		{213E2683-F9A1-44F0-A09E-80B674A11B35}.Release|Any CPU.ActiveCfg = Release|Any CPU
		{213E2683-F9A1-44F0-A09E-80B674A11B35}.Release|Any CPU.Build.0 = Release|Any CPU
		{213E2683-F9A1-44F0-A09E-80B674A11B35}.Release|x64.ActiveCfg = Release|Any CPU
		{213E2683-F9A1-44F0-A09E-80B674A11B35}.Release|x64.Build.0 = Release|Any CPU
		{213E2683-F9A1-44F0-A09E-80B674A11B35}.Release|x86.ActiveCfg = Release|Any CPU
		{213E2683-F9A1-44F0-A09E-80B674A11B35}.Release|x86.Build.0 = Release|Any CPU
		{CBD33F00-A100-46CD-8467-491EB27F8F54}.Debug|Any CPU.ActiveCfg = Debug|Any CPU
		{CBD33F00-A100-46CD-8467-491EB27F8F54}.Debug|Any CPU.Build.0 = Debug|Any CPU
		{CBD33F00-A100-46CD-8467-491EB27F8F54}.Debug|x64.ActiveCfg = Debug|Any CPU
		{CBD33F00-A100-46CD-8467-491EB27F8F54}.Debug|x64.Build.0 = Debug|Any CPU
		{CBD33F00-A100-46CD-8467-491EB27F8F54}.Debug|x86.ActiveCfg = Debug|Any CPU
		{CBD33F00-A100-46CD-8467-491EB27F8F54}.Debug|x86.Build.0 = Debug|Any CPU
		{CBD33F00-A100-46CD-8467-491EB27F8F54}.Release|Any CPU.ActiveCfg = Release|Any CPU
		{CBD33F00-A100-46CD-8467-491EB27F8F54}.Release|Any CPU.Build.0 = Release|Any CPU
		{CBD33F00-A100-46CD-8467-491EB27F8F54}.Release|x64.ActiveCfg = Release|Any CPU
		{CBD33F00-A100-46CD-8467-491EB27F8F54}.Release|x64.Build.0 = Release|Any CPU
		{CBD33F00-A100-46CD-8467-491EB27F8F54}.Release|x86.ActiveCfg = Release|Any CPU
		{CBD33F00-A100-46CD-8467-491EB27F8F54}.Release|x86.Build.0 = Release|Any CPU
	EndGlobalSection
	GlobalSection(SolutionProperties) = preSolution
		HideSolutionNode = FALSE
	EndGlobalSection
	GlobalSection(NestedProjects) = preSolution
		{78B648EB-3952-D352-49DA-80DA46544927} = {1787FE1D-075E-9E68-7218-25F1BD1BBEAB}
		{4C52392E-7F0B-0980-3B5A-CD97862F02D7} = {78B648EB-3952-D352-49DA-80DA46544927}
		{9CE0C296-6F3D-49ED-ABB8-D17796275145} = {4C52392E-7F0B-0980-3B5A-CD97862F02D7}
		{63F81D7F-3FBF-B746-3CCC-18C5EC63BE1D} = {1787FE1D-075E-9E68-7218-25F1BD1BBEAB}
		{E1E1646A-4A6F-38FD-BB7F-B39FB243F69F} = {63F81D7F-3FBF-B746-3CCC-18C5EC63BE1D}
		{58411A68-E59A-4720-A36D-8C158D74594B} = {E1E1646A-4A6F-38FD-BB7F-B39FB243F69F}
		{85E3A286-880E-ADB0-5CF2-3F1BDB3A4229} = {4F52FD11-658E-A102-6CD3-7D7C16FFA15B}
		{43486399-39B8-4589-892B-6C5760FEA485} = {85E3A286-880E-ADB0-5CF2-3F1BDB3A4229}
		{EF83D0CA-9CE8-9DB1-81F6-1B4416D87263} = {0AB3BF05-4346-4AA6-1389-037BE0695223}
		{9FFA4FDE-AFF6-3F9E-C5F4-571704D7151B} = {EF83D0CA-9CE8-9DB1-81F6-1B4416D87263}
		{A97A3158-37DB-4CF0-9F29-FF11085D4308} = {9FFA4FDE-AFF6-3F9E-C5F4-571704D7151B}
		{A30A00AB-DA97-EB30-4328-2BE79AC2F00D} = {EF83D0CA-9CE8-9DB1-81F6-1B4416D87263}
		{CD9EA4BB-3FBC-4020-AF16-1DD5D0D86412} = {A30A00AB-DA97-EB30-4328-2BE79AC2F00D}
		{3F5D9577-2D48-185C-8C74-19600C8AE53C} = {0AB3BF05-4346-4AA6-1389-037BE0695223}
		{4BF0F2CF-2C52-4F07-3614-4EE810BF6787} = {3F5D9577-2D48-185C-8C74-19600C8AE53C}
		{213E2683-F9A1-44F0-A09E-80B674A11B35} = {4BF0F2CF-2C52-4F07-3614-4EE810BF6787}
		{EDF2BF46-81E2-A5E6-BE76-B883454BFB8E} = {0AB3BF05-4346-4AA6-1389-037BE0695223}
		{CBD33F00-A100-46CD-8467-491EB27F8F54} = {EDF2BF46-81E2-A5E6-BE76-B883454BFB8E}
	EndGlobalSection
	GlobalSection(ExtensibilityGlobals) = postSolution
		SolutionGuid = {32A6F7D6-BCC2-43D5-BA27-916A49BF31B9}
	EndGlobalSection
EndGlobal
